
Microsoft Visual Studio Solution File, Format Version 12.00
# Visual Studio Version 16
VisualStudioVersion = 16.0.808.10
MinimumVisualStudioVersion = 10.0.40219.1
Project("{FAE04EC0-301F-11D3-BF4B-00C04F79EFBC}") = "GeometryA", "GeometryA.csproj", "{AB17D463-8FF6-400B-80A1-1B7AE1C224BB}"
EndProject
Global
	GlobalSection(SolutionConfigurationPlatforms) = preSolution
		Debug|Any CPU = Debug|Any CPU
		Release|Any CPU = Release|Any CPU
	EndGlobalSection
	GlobalSection(ProjectConfigurationPlatforms) = postSolution
		{AB17D463-8FF6-400B-80A1-1B7AE1C224BB}.Debug|Any CPU.ActiveCfg = Debug|Any CPU
		{AB17D463-8FF6-400B-80A1-1B7AE1C224BB}.Debug|Any CPU.Build.0 = Debug|Any CPU
		{AB17D463-8FF6-400B-80A1-1B7AE1C224BB}.Release|Any CPU.ActiveCfg = Release|Any CPU
		{AB17D463-8FF6-400B-80A1-1B7AE1C224BB}.Release|Any CPU.Build.0 = Release|Any CPU
	EndGlobalSection
	GlobalSection(SolutionProperties) = preSolution
		HideSolutionNode = FALSE
	EndGlobalSection
	GlobalSection(ExtensibilityGlobals) = postSolution
		SolutionGuid = {6BE27821-AF6A-4101-B2DE-49FE252C6C31}
	EndGlobalSection
EndGlobal
